{
    "_meta": {
        "hash": {
            "sha256": "3c0a151b59fb67e2d921e8877d89a50841c5c87561bfa39ac1f445c2ca219953"
        },
        "pipfile-spec": 6,
        "requires": {
            "python_version": "*"
        },
        "sources": [
            {
                "name": "pypi",
                "url": "https://pypi.org/simple",
                "verify_ssl": true
            }
        ]
    },
    "default": {
        "anyio": {
            "hashes": [
                "sha256:745843b39e829e108e518c489b31dc757de7d2131d53fac32bd8df268227bfee",
                "sha256:e1875bb4b4e2de1669f4bc7869b6d3f54231cdced71605e6e64c9be77e3be50f"
            ],
            "markers": "python_version >= '3.8'",
            "version": "==4.2.0"
        },
        "certifi": {
            "hashes": [
                "sha256:9b469f3a900bf28dc19b8cfbf8019bf47f7fdd1a65a1d4ffb98fc14166beb4d1",
                "sha256:e036ab49d5b79556f99cfc2d9320b34cfbe5be05c5871b51de9329f0603b0474"
            ],
            "markers": "python_version >= '3.6'",
            "version": "==2023.11.17"
        },
        "datetime": {
            "hashes": [
                "sha256:568ea851d40773d846c0b5efe260aecb717c2b933c052a3c13b712809c16b57d",
                "sha256:88caf4d2441fe479038f4740a1071953686f7c1ed6c9e8c7df9ebe84e592f0c6"
            ],
            "index": "pypi",
            "markers": "python_version >= '3.7'",
            "version": "==5.4"
        },
        "exceptiongroup": {
            "hashes": [
                "sha256:4bfd3996ac73b41e9b9628b04e079f193850720ea5945fc96a08633c66912f14",
                "sha256:91f5c769735f051a4290d52edd0858999b57e5876e9f85937691bd4c9fa3ed68"
            ],
            "markers": "python_version < '3.11'",
            "version": "==1.2.0"
        },
        "feedparser": {
            "hashes": [
                "sha256:0be7ee7b395572b19ebeb1d6aafb0028dee11169f1c934e0ed67d54992f4ad45",
                "sha256:c9d0407b64c6f2a065d0ebb292c2b35c01050cc0dc33757461aaabdc4c4184d5"
            ],
            "index": "pypi",
            "markers": "python_version >= '3.6'",
            "version": "==6.0.11"
        },
        "h11": {
            "hashes": [
                "sha256:8f19fbbe99e72420ff35c00b27a34cb9937e902a8b810e2c88300c6f0a3b699d",
                "sha256:e3fe4ac4b851c468cc8363d500db52c2ead036020723024a109d37346efaa761"
            ],
            "markers": "python_version >= '3.7'",
            "version": "==0.14.0"
        },
        "httpcore": {
            "hashes": [
                "sha256:096cc05bca73b8e459a1fc3dcf585148f63e534eae4339559c9b8a8d6399acc7",
                "sha256:9fc092e4799b26174648e54b74ed5f683132a464e95643b226e00c2ed2fa6535"
            ],
            "markers": "python_version >= '3.8'",
            "version": "==1.0.2"
        },
        "httpx": {
            "hashes": [
                "sha256:451b55c30d5185ea6b23c2c793abf9bb237d2a7dfb901ced6ff69ad37ec1dfaf",
                "sha256:8915f5a3627c4d47b73e8202457cb28f1266982d1159bd5779d86a80c0eab1cd"
            ],
            "index": "pypi",
            "markers": "python_version >= '3.8'",
            "version": "==0.26.0"
        },
        "idna": {
            "hashes": [
                "sha256:9ecdbbd083b06798ae1e86adcbfe8ab1479cf864e4ee30fe4e46a003d12491ca",
                "sha256:c05567e9c24a6b9faaa835c4821bad0590fbb9d5779e7caa6e1cc4978e7eb24f"
            ],
            "markers": "python_version >= '3.5'",
            "version": "==3.6"
        },
        "pytz": {
            "hashes": [
                "sha256:31d4583c4ed539cd037956140d695e42c033a19e984bfce9964a3f7d59bc2b40",
                "sha256:f90ef520d95e7c46951105338d918664ebfd6f1d995bd7d153127ce90efafa6a"
            ],
            "version": "==2023.4"
        },
        "setuptools": {
            "hashes": [
                "sha256:54faa7f2e8d2d11bcd2c07bed282eef1046b5c080d1c32add737d7b5817b1ad4",
                "sha256:f211a66637b8fa059bb28183da127d4e86396c991a942b028c6650d4319c3fd0"
            ],
            "index": "pypi",
            "markers": "python_version >= '3.8'",
            "version": "==70.0.0"
        },
        "sgmllib3k": {
            "hashes": [
                "sha256:7868fb1c8bfa764c1ac563d3cf369c381d1325d36124933a726f29fcdaa812e9"
            ],
            "version": "==1.0.0"
        },
        "sniffio": {
            "hashes": [
                "sha256:e60305c5e5d314f5389259b7f22aaa33d8f7dee49763119234af3755c55b9101",
                "sha256:eecefdce1e5bbfb7ad2eeaabf7c1eeb404d7757c379bd1f7e5cce9d8bf425384"
            ],
            "markers": "python_version >= '3.7'",
            "version": "==1.3.0"
        },
        "typing-extensions": {
            "hashes": [
                "sha256:23478f88c37f27d76ac8aee6c905017a143b0b1b886c3c9f66bc2fd94f9f5783",
                "sha256:af72aea155e91adfc61c3ae9e0e342dbc0cba726d6cba4b6c72c1f34e47291cd"
            ],
            "markers": "python_version < '3.11'",
            "version": "==4.9.0"
        },
        "zope.interface": {
            "hashes": [
                "sha256:0c8cf55261e15590065039696607f6c9c1aeda700ceee40c70478552d323b3ff",
                "sha256:13b7d0f2a67eb83c385880489dbb80145e9d344427b4262c49fbf2581677c11c",
                "sha256:1f294a15f7723fc0d3b40701ca9b446133ec713eafc1cc6afa7b3d98666ee1ac",
                "sha256:239a4a08525c080ff833560171d23b249f7f4d17fcbf9316ef4159f44997616f",
                "sha256:2f8d89721834524a813f37fa174bac074ec3d179858e4ad1b7efd4401f8ac45d",
                "sha256:2fdc7ccbd6eb6b7df5353012fbed6c3c5d04ceaca0038f75e601060e95345309",
                "sha256:34c15ca9248f2e095ef2e93af2d633358c5f048c49fbfddf5fdfc47d5e263736",
                "sha256:387545206c56b0315fbadb0431d5129c797f92dc59e276b3ce82db07ac1c6179",
                "sha256:43b576c34ef0c1f5a4981163b551a8781896f2a37f71b8655fd20b5af0386abb",
                "sha256:57d0a8ce40ce440f96a2c77824ee94bf0d0925e6089df7366c2272ccefcb7941",
                "sha256:5a804abc126b33824a44a7aa94f06cd211a18bbf31898ba04bd0924fbe9d282d",
                "sha256:67be3ca75012c6e9b109860820a8b6c9a84bfb036fbd1076246b98e56951ca92",
                "sha256:6af47f10cfc54c2ba2d825220f180cc1e2d4914d783d6fc0cd93d43d7bc1c78b",
                "sha256:6dc998f6de015723196a904045e5a2217f3590b62ea31990672e31fbc5370b41",
                "sha256:70d2cef1bf529bff41559be2de9d44d47b002f65e17f43c73ddefc92f32bf00f",
                "sha256:7ebc4d34e7620c4f0da7bf162c81978fce0ea820e4fa1e8fc40ee763839805f3",
                "sha256:964a7af27379ff4357dad1256d9f215047e70e93009e532d36dcb8909036033d",
                "sha256:97806e9ca3651588c1baaebb8d0c5ee3db95430b612db354c199b57378312ee8",
                "sha256:9b9bc671626281f6045ad61d93a60f52fd5e8209b1610972cf0ef1bbe6d808e3",
                "sha256:9ffdaa5290422ac0f1688cb8adb1b94ca56cee3ad11f29f2ae301df8aecba7d1",
                "sha256:a0da79117952a9a41253696ed3e8b560a425197d4e41634a23b1507efe3273f1",
                "sha256:a41f87bb93b8048fe866fa9e3d0c51e27fe55149035dcf5f43da4b56732c0a40",
                "sha256:aa6fd016e9644406d0a61313e50348c706e911dca29736a3266fc9e28ec4ca6d",
                "sha256:ad54ed57bdfa3254d23ae04a4b1ce405954969c1b0550cc2d1d2990e8b439de1",
                "sha256:b012d023b4fb59183909b45d7f97fb493ef7a46d2838a5e716e3155081894605",
                "sha256:b51b64432eed4c0744241e9ce5c70dcfecac866dff720e746d0a9c82f371dfa7",
                "sha256:bbe81def9cf3e46f16ce01d9bfd8bea595e06505e51b7baf45115c77352675fd",
                "sha256:c9559138690e1bd4ea6cd0954d22d1e9251e8025ce9ede5d0af0ceae4a401e43",
                "sha256:e30506bcb03de8983f78884807e4fd95d8db6e65b69257eea05d13d519b83ac0",
                "sha256:e33e86fd65f369f10608b08729c8f1c92ec7e0e485964670b4d2633a4812d36b",
                "sha256:e441e8b7d587af0414d25e8d05e27040d78581388eed4c54c30c0c91aad3a379",
                "sha256:e8bb9c990ca9027b4214fa543fd4025818dc95f8b7abce79d61dc8a2112b561a",
                "sha256:ef43ee91c193f827e49599e824385ec7c7f3cd152d74cb1dfe02cb135f264d83",
                "sha256:ef467d86d3cfde8b39ea1b35090208b0447caaabd38405420830f7fd85fbdd56",
                "sha256:f89b28772fc2562ed9ad871c865f5320ef761a7fcc188a935e21fe8b31a38ca9",
                "sha256:fddbab55a2473f1d3b8833ec6b7ac31e8211b0aa608df5ab09ce07f3727326de"
            ],
            "markers": "python_version >= '3.7'",
            "version": "==6.1"
        }
    },
    "develop": {}
}
